
Microsoft Visual Studio Solution File, Format Version 11.00
# Visual Studio 2010
Project("{FAE04EC0-301F-11D3-BF4B-00C04F79EFBC}") = "Eotu.Client", "Eotu.Client\Eotu.Client.csproj", "{8769A260-A45C-4D4C-B0D1-D587F5B75B38}"
EndProject
Project("{FAE04EC0-301F-11D3-BF4B-00C04F79EFBC}") = "Geckofx-Core", "Geckofx-Core\Geckofx-Core.csproj", "{6AB4EEE6-1889-43AB-83F7-A4F083230BE7}"
EndProject
Project("{FAE04EC0-301F-11D3-BF4B-00C04F79EFBC}") = "Geckofx-Wpf", "Geckofx-Wpf\Geckofx-Wpf.csproj", "{B52FD785-EC50-4767-B085-300D94DE8205}"
EndProject
Project("{FAE04EC0-301F-11D3-BF4B-00C04F79EFBC}") = "Newtonsoft.Json.Net40", "Newtonsoft.Json\Newtonsoft.Json.Net40.csproj", "{A9AE40FF-1A21-414A-9FE7-3BE13644CC6D}"
EndProject
Project("{54435603-DBB4-11D2-8724-00A0C9A8B90C}") = "EotuSetup", "EotuSetup\EotuSetup.vdproj", "{448B2863-C797-4593-B5D9-304F17502C91}"
EndProject
Global
	GlobalSection(SolutionConfigurationPlatforms) = preSolution
		Debug_Linux|Any CPU = Debug_Linux|Any CPU
		Debug_Linux|Mixed Platforms = Debug_Linux|Mixed Platforms
		Debug_Linux|Win32 = Debug_Linux|Win32
		Debug_Linux|x64 = Debug_Linux|x64
		Debug_Linux|x86 = Debug_Linux|x86
		Debug_Windows|Any CPU = Debug_Windows|Any CPU
		Debug_Windows|Mixed Platforms = Debug_Windows|Mixed Platforms
		Debug_Windows|Win32 = Debug_Windows|Win32
		Debug_Windows|x64 = Debug_Windows|x64
		Debug_Windows|x86 = Debug_Windows|x86
		Debug|Any CPU = Debug|Any CPU
		Debug|Mixed Platforms = Debug|Mixed Platforms
		Debug|Win32 = Debug|Win32
		Debug|x64 = Debug|x64
		Debug|x86 = Debug|x86
		Release_Linux|Any CPU = Release_Linux|Any CPU
		Release_Linux|Mixed Platforms = Release_Linux|Mixed Platforms
		Release_Linux|Win32 = Release_Linux|Win32
		Release_Linux|x64 = Release_Linux|x64
		Release_Linux|x86 = Release_Linux|x86
		Release_Windows|Any CPU = Release_Windows|Any CPU
		Release_Windows|Mixed Platforms = Release_Windows|Mixed Platforms
		Release_Windows|Win32 = Release_Windows|Win32
		Release_Windows|x64 = Release_Windows|x64
		Release_Windows|x86 = Release_Windows|x86
		Release|Any CPU = Release|Any CPU
		Release|Mixed Platforms = Release|Mixed Platforms
		Release|Win32 = Release|Win32
		Release|x64 = Release|x64
		Release|x86 = Release|x86
	EndGlobalSection
	GlobalSection(ProjectConfigurationPlatforms) = postSolution
		{8769A260-A45C-4D4C-B0D1-D587F5B75B38}.Debug_Linux|Any CPU.ActiveCfg = Debug|x86
		{8769A260-A45C-4D4C-B0D1-D587F5B75B38}.Debug_Linux|Mixed Platforms.ActiveCfg = Debug|x86
		{8769A260-A45C-4D4C-B0D1-D587F5B75B38}.Debug_Linux|Mixed Platforms.Build.0 = Debug|x86
		{8769A260-A45C-4D4C-B0D1-D587F5B75B38}.Debug_Linux|Win32.ActiveCfg = Debug|x86
		{8769A260-A45C-4D4C-B0D1-D587F5B75B38}.Debug_Linux|x64.ActiveCfg = Debug|x86
		{8769A260-A45C-4D4C-B0D1-D587F5B75B38}.Debug_Linux|x86.ActiveCfg = Debug|x86
		{8769A260-A45C-4D4C-B0D1-D587F5B75B38}.Debug_Linux|x86.Build.0 = Debug|x86
		{8769A260-A45C-4D4C-B0D1-D587F5B75B38}.Debug_Windows|Any CPU.ActiveCfg = Debug|x86
		{8769A260-A45C-4D4C-B0D1-D587F5B75B38}.Debug_Windows|Mixed Platforms.ActiveCfg = Debug|x86
		{8769A260-A45C-4D4C-B0D1-D587F5B75B38}.Debug_Windows|Mixed Platforms.Build.0 = Debug|x86
		{8769A260-A45C-4D4C-B0D1-D587F5B75B38}.Debug_Windows|Win32.ActiveCfg = Debug|x86
		{8769A260-A45C-4D4C-B0D1-D587F5B75B38}.Debug_Windows|x64.ActiveCfg = Debug|x86
		{8769A260-A45C-4D4C-B0D1-D587F5B75B38}.Debug_Windows|x86.ActiveCfg = Debug|x86
		{8769A260-A45C-4D4C-B0D1-D587F5B75B38}.Debug_Windows|x86.Build.0 = Debug|x86
		{8769A260-A45C-4D4C-B0D1-D587F5B75B38}.Debug|Any CPU.ActiveCfg = Debug|x86
		{8769A260-A45C-4D4C-B0D1-D587F5B75B38}.Debug|Mixed Platforms.ActiveCfg = Debug|x86
		{8769A260-A45C-4D4C-B0D1-D587F5B75B38}.Debug|Mixed Platforms.Build.0 = Debug|x86
		{8769A260-A45C-4D4C-B0D1-D587F5B75B38}.Debug|Win32.ActiveCfg = Debug|x86
		{8769A260-A45C-4D4C-B0D1-D587F5B75B38}.Debug|x64.ActiveCfg = Debug|x86
		{8769A260-A45C-4D4C-B0D1-D587F5B75B38}.Debug|x86.ActiveCfg = Debug|x86
		{8769A260-A45C-4D4C-B0D1-D587F5B75B38}.Debug|x86.Build.0 = Debug|x86
		{8769A260-A45C-4D4C-B0D1-D587F5B75B38}.Release_Linux|Any CPU.ActiveCfg = Release|x86
		{8769A260-A45C-4D4C-B0D1-D587F5B75B38}.Release_Linux|Mixed Platforms.ActiveCfg = Release|x86
		{8769A260-A45C-4D4C-B0D1-D587F5B75B38}.Release_Linux|Mixed Platforms.Build.0 = Release|x86
		{8769A260-A45C-4D4C-B0D1-D587F5B75B38}.Release_Linux|Win32.ActiveCfg = Release|x86
		{8769A260-A45C-4D4C-B0D1-D587F5B75B38}.Release_Linux|x64.ActiveCfg = Release|x86
		{8769A260-A45C-4D4C-B0D1-D587F5B75B38}.Release_Linux|x86.ActiveCfg = Release|x86
		{8769A260-A45C-4D4C-B0D1-D587F5B75B38}.Release_Linux|x86.Build.0 = Release|x86
		{8769A260-A45C-4D4C-B0D1-D587F5B75B38}.Release_Windows|Any CPU.ActiveCfg = Release|x86
		{8769A260-A45C-4D4C-B0D1-D587F5B75B38}.Release_Windows|Mixed Platforms.ActiveCfg = Release|x86
		{8769A260-A45C-4D4C-B0D1-D587F5B75B38}.Release_Windows|Mixed Platforms.Build.0 = Release|x86
		{8769A260-A45C-4D4C-B0D1-D587F5B75B38}.Release_Windows|Win32.ActiveCfg = Release|x86
		{8769A260-A45C-4D4C-B0D1-D587F5B75B38}.Release_Windows|x64.ActiveCfg = Release|x86
		{8769A260-A45C-4D4C-B0D1-D587F5B75B38}.Release_Windows|x86.ActiveCfg = Release|x86
		{8769A260-A45C-4D4C-B0D1-D587F5B75B38}.Release_Windows|x86.Build.0 = Release|x86
		{8769A260-A45C-4D4C-B0D1-D587F5B75B38}.Release|Any CPU.ActiveCfg = Release|x86
		{8769A260-A45C-4D4C-B0D1-D587F5B75B38}.Release|Mixed Platforms.ActiveCfg = Release|x86
		{8769A260-A45C-4D4C-B0D1-D587F5B75B38}.Release|Mixed Platforms.Build.0 = Release|x86
		{8769A260-A45C-4D4C-B0D1-D587F5B75B38}.Release|Win32.ActiveCfg = Release|x86
		{8769A260-A45C-4D4C-B0D1-D587F5B75B38}.Release|x64.ActiveCfg = Release|x86
		{8769A260-A45C-4D4C-B0D1-D587F5B75B38}.Release|x86.ActiveCfg = Release|x86
		{8769A260-A45C-4D4C-B0D1-D587F5B75B38}.Release|x86.Build.0 = Release|x86
		{6AB4EEE6-1889-43AB-83F7-A4F083230BE7}.Debug_Linux|Any CPU.ActiveCfg = Debug_Linux|Any CPU
		{6AB4EEE6-1889-43AB-83F7-A4F083230BE7}.Debug_Linux|Any CPU.Build.0 = Debug_Linux|Any CPU
		{6AB4EEE6-1889-43AB-83F7-A4F083230BE7}.Debug_Linux|Mixed Platforms.ActiveCfg = Debug_Linux|Any CPU
		{6AB4EEE6-1889-43AB-83F7-A4F083230BE7}.Debug_Linux|Mixed Platforms.Build.0 = Debug_Linux|Any CPU
		{6AB4EEE6-1889-43AB-83F7-A4F083230BE7}.Debug_Linux|Win32.ActiveCfg = Debug_Linux|Any CPU
		{6AB4EEE6-1889-43AB-83F7-A4F083230BE7}.Debug_Linux|x64.ActiveCfg = Debug_Linux|x86
		{6AB4EEE6-1889-43AB-83F7-A4F083230BE7}.Debug_Linux|x86.ActiveCfg = Debug_Linux|x86
		{6AB4EEE6-1889-43AB-83F7-A4F083230BE7}.Debug_Linux|x86.Build.0 = Debug_Linux|x86
		{6AB4EEE6-1889-43AB-83F7-A4F083230BE7}.Debug_Windows|Any CPU.ActiveCfg = Debug_Windows|Any CPU
		{6AB4EEE6-1889-43AB-83F7-A4F083230BE7}.Debug_Windows|Any CPU.Build.0 = Debug_Windows|Any CPU
		{6AB4EEE6-1889-43AB-83F7-A4F083230BE7}.Debug_Windows|Mixed Platforms.ActiveCfg = Debug_Windows|Any CPU
		{6AB4EEE6-1889-43AB-83F7-A4F083230BE7}.Debug_Windows|Mixed Platforms.Build.0 = Debug_Windows|Any CPU
		{6AB4EEE6-1889-43AB-83F7-A4F083230BE7}.Debug_Windows|Win32.ActiveCfg = Debug_Windows|Any CPU
		{6AB4EEE6-1889-43AB-83F7-A4F083230BE7}.Debug_Windows|x64.ActiveCfg = Debug_Windows|x86
		{6AB4EEE6-1889-43AB-83F7-A4F083230BE7}.Debug_Windows|x86.ActiveCfg = Debug_Windows|x86
		{6AB4EEE6-1889-43AB-83F7-A4F083230BE7}.Debug_Windows|x86.Build.0 = Debug_Windows|x86
		{6AB4EEE6-1889-43AB-83F7-A4F083230BE7}.Debug|Any CPU.ActiveCfg = Debug_Windows|Any CPU
		{6AB4EEE6-1889-43AB-83F7-A4F083230BE7}.Debug|Any CPU.Build.0 = Debug_Windows|Any CPU
		{6AB4EEE6-1889-43AB-83F7-A4F083230BE7}.Debug|Mixed Platforms.ActiveCfg = Debug_Windows|Any CPU
		{6AB4EEE6-1889-43AB-83F7-A4F083230BE7}.Debug|Mixed Platforms.Build.0 = Debug_Windows|Any CPU
		{6AB4EEE6-1889-43AB-83F7-A4F083230BE7}.Debug|Win32.ActiveCfg = Debug_Windows|Any CPU
		{6AB4EEE6-1889-43AB-83F7-A4F083230BE7}.Debug|x64.ActiveCfg = Debug_Windows|Any CPU
		{6AB4EEE6-1889-43AB-83F7-A4F083230BE7}.Debug|x86.ActiveCfg = Debug_Windows|Any CPU
		{6AB4EEE6-1889-43AB-83F7-A4F083230BE7}.Release_Linux|Any CPU.ActiveCfg = Release_Linux|Any CPU
		{6AB4EEE6-1889-43AB-83F7-A4F083230BE7}.Release_Linux|Any CPU.Build.0 = Release_Linux|Any CPU
		{6AB4EEE6-1889-43AB-83F7-A4F083230BE7}.Release_Linux|Mixed Platforms.ActiveCfg = Release_Linux|Any CPU
		{6AB4EEE6-1889-43AB-83F7-A4F083230BE7}.Release_Linux|Mixed Platforms.Build.0 = Release_Linux|Any CPU
		{6AB4EEE6-1889-43AB-83F7-A4F083230BE7}.Release_Linux|Win32.ActiveCfg = Release_Linux|Any CPU
		{6AB4EEE6-1889-43AB-83F7-A4F083230BE7}.Release_Linux|x64.ActiveCfg = Release_Linux|x86
		{6AB4EEE6-1889-43AB-83F7-A4F083230BE7}.Release_Linux|x86.ActiveCfg = Release_Linux|x86
		{6AB4EEE6-1889-43AB-83F7-A4F083230BE7}.Release_Linux|x86.Build.0 = Release_Linux|x86
		{6AB4EEE6-1889-43AB-83F7-A4F083230BE7}.Release_Windows|Any CPU.ActiveCfg = Release_Windows|Any CPU
		{6AB4EEE6-1889-43AB-83F7-A4F083230BE7}.Release_Windows|Any CPU.Build.0 = Release_Windows|Any CPU
		{6AB4EEE6-1889-43AB-83F7-A4F083230BE7}.Release_Windows|Mixed Platforms.ActiveCfg = Release_Windows|Any CPU
		{6AB4EEE6-1889-43AB-83F7-A4F083230BE7}.Release_Windows|Mixed Platforms.Build.0 = Release_Windows|Any CPU
		{6AB4EEE6-1889-43AB-83F7-A4F083230BE7}.Release_Windows|Win32.ActiveCfg = Release_Windows|Any CPU
		{6AB4EEE6-1889-43AB-83F7-A4F083230BE7}.Release_Windows|x64.ActiveCfg = Release_Windows|x86
		{6AB4EEE6-1889-43AB-83F7-A4F083230BE7}.Release_Windows|x86.ActiveCfg = Release_Windows|x86
		{6AB4EEE6-1889-43AB-83F7-A4F083230BE7}.Release_Windows|x86.Build.0 = Release_Windows|x86
		{6AB4EEE6-1889-43AB-83F7-A4F083230BE7}.Release|Any CPU.ActiveCfg = Release_Linux|Any CPU
		{6AB4EEE6-1889-43AB-83F7-A4F083230BE7}.Release|Any CPU.Build.0 = Release_Linux|Any CPU
		{6AB4EEE6-1889-43AB-83F7-A4F083230BE7}.Release|Mixed Platforms.ActiveCfg = Release_Linux|Any CPU
		{6AB4EEE6-1889-43AB-83F7-A4F083230BE7}.Release|Mixed Platforms.Build.0 = Release_Linux|Any CPU
		{6AB4EEE6-1889-43AB-83F7-A4F083230BE7}.Release|Win32.ActiveCfg = Release_Linux|Any CPU
		{6AB4EEE6-1889-43AB-83F7-A4F083230BE7}.Release|x64.ActiveCfg = Release_Linux|Any CPU
		{6AB4EEE6-1889-43AB-83F7-A4F083230BE7}.Release|x86.ActiveCfg = Release_Linux|Any CPU
		{B52FD785-EC50-4767-B085-300D94DE8205}.Debug_Linux|Any CPU.ActiveCfg = Debug|Any CPU
		{B52FD785-EC50-4767-B085-300D94DE8205}.Debug_Linux|Any CPU.Build.0 = Debug|Any CPU
		{B52FD785-EC50-4767-B085-300D94DE8205}.Debug_Linux|Mixed Platforms.ActiveCfg = Debug|Any CPU
		{B52FD785-EC50-4767-B085-300D94DE8205}.Debug_Linux|Mixed Platforms.Build.0 = Debug|Any CPU
		{B52FD785-EC50-4767-B085-300D94DE8205}.Debug_Linux|Win32.ActiveCfg = Debug|Any CPU
		{B52FD785-EC50-4767-B085-300D94DE8205}.Debug_Linux|x64.ActiveCfg = Debug|Any CPU
		{B52FD785-EC50-4767-B085-300D94DE8205}.Debug_Linux|x86.ActiveCfg = Debug|Any CPU
		{B52FD785-EC50-4767-B085-300D94DE8205}.Debug_Windows|Any CPU.ActiveCfg = Debug|Any CPU
		{B52FD785-EC50-4767-B085-300D94DE8205}.Debug_Windows|Any CPU.Build.0 = Debug|Any CPU
		{B52FD785-EC50-4767-B085-300D94DE8205}.Debug_Windows|Mixed Platforms.ActiveCfg = Debug|Any CPU
		{B52FD785-EC50-4767-B085-300D94DE8205}.Debug_Windows|Mixed Platforms.Build.0 = Debug|Any CPU
		{B52FD785-EC50-4767-B085-300D94DE8205}.Debug_Windows|Win32.ActiveCfg = Debug|Any CPU
		{B52FD785-EC50-4767-B085-300D94DE8205}.Debug_Windows|x64.ActiveCfg = Debug|Any CPU
		{B52FD785-EC50-4767-B085-300D94DE8205}.Debug_Windows|x86.ActiveCfg = Debug|Any CPU
		{B52FD785-EC50-4767-B085-300D94DE8205}.Debug|Any CPU.ActiveCfg = Debug|Any CPU
		{B52FD785-EC50-4767-B085-300D94DE8205}.Debug|Any CPU.Build.0 = Debug|Any CPU
		{B52FD785-EC50-4767-B085-300D94DE8205}.Debug|Mixed Platforms.ActiveCfg = Debug|Any CPU
		{B52FD785-EC50-4767-B085-300D94DE8205}.Debug|Mixed Platforms.Build.0 = Debug|Any CPU
		{B52FD785-EC50-4767-B085-300D94DE8205}.Debug|Win32.ActiveCfg = Debug|Any CPU
		{B52FD785-EC50-4767-B085-300D94DE8205}.Debug|x64.ActiveCfg = Debug|Any CPU
		{B52FD785-EC50-4767-B085-300D94DE8205}.Debug|x86.ActiveCfg = Debug|Any CPU
		{B52FD785-EC50-4767-B085-300D94DE8205}.Release_Linux|Any CPU.ActiveCfg = Release|Any CPU
		{B52FD785-EC50-4767-B085-300D94DE8205}.Release_Linux|Any CPU.Build.0 = Release|Any CPU
		{B52FD785-EC50-4767-B085-300D94DE8205}.Release_Linux|Mixed Platforms.ActiveCfg = Release|Any CPU
		{B52FD785-EC50-4767-B085-300D94DE8205}.Release_Linux|Mixed Platforms.Build.0 = Release|Any CPU
		{B52FD785-EC50-4767-B085-300D94DE8205}.Release_Linux|Win32.ActiveCfg = Release|Any CPU
		{B52FD785-EC50-4767-B085-300D94DE8205}.Release_Linux|x64.ActiveCfg = Release|Any CPU
		{B52FD785-EC50-4767-B085-300D94DE8205}.Release_Linux|x86.ActiveCfg = Release|Any CPU
		{B52FD785-EC50-4767-B085-300D94DE8205}.Release_Windows|Any CPU.ActiveCfg = Release|Any CPU
		{B52FD785-EC50-4767-B085-300D94DE8205}.Release_Windows|Any CPU.Build.0 = Release|Any CPU
		{B52FD785-EC50-4767-B085-300D94DE8205}.Release_Windows|Mixed Platforms.ActiveCfg = Release|Any CPU
		{B52FD785-EC50-4767-B085-300D94DE8205}.Release_Windows|Mixed Platforms.Build.0 = Release|Any CPU
		{B52FD785-EC50-4767-B085-300D94DE8205}.Release_Windows|Win32.ActiveCfg = Release|Any CPU
		{B52FD785-EC50-4767-B085-300D94DE8205}.Release_Windows|x64.ActiveCfg = Release|Any CPU
		{B52FD785-EC50-4767-B085-300D94DE8205}.Release_Windows|x86.ActiveCfg = Release|Any CPU
		{B52FD785-EC50-4767-B085-300D94DE8205}.Release|Any CPU.ActiveCfg = Release|Any CPU
		{B52FD785-EC50-4767-B085-300D94DE8205}.Release|Any CPU.Build.0 = Release|Any CPU
		{B52FD785-EC50-4767-B085-300D94DE8205}.Release|Mixed Platforms.ActiveCfg = Release|Any CPU
		{B52FD785-EC50-4767-B085-300D94DE8205}.Release|Mixed Platforms.Build.0 = Release|Any CPU
		{B52FD785-EC50-4767-B085-300D94DE8205}.Release|Win32.ActiveCfg = Release|Any CPU
		{B52FD785-EC50-4767-B085-300D94DE8205}.Release|x64.ActiveCfg = Release|Any CPU
		{B52FD785-EC50-4767-B085-300D94DE8205}.Release|x86.ActiveCfg = Release|Any CPU
		{A9AE40FF-1A21-414A-9FE7-3BE13644CC6D}.Debug_Linux|Any CPU.ActiveCfg = Debug|Any CPU
		{A9AE40FF-1A21-414A-9FE7-3BE13644CC6D}.Debug_Linux|Any CPU.Build.0 = Debug|Any CPU
		{A9AE40FF-1A21-414A-9FE7-3BE13644CC6D}.Debug_Linux|Mixed Platforms.ActiveCfg = Debug|Any CPU
		{A9AE40FF-1A21-414A-9FE7-3BE13644CC6D}.Debug_Linux|Mixed Platforms.Build.0 = Debug|Any CPU
		{A9AE40FF-1A21-414A-9FE7-3BE13644CC6D}.Debug_Linux|Win32.ActiveCfg = Debug|Any CPU
		{A9AE40FF-1A21-414A-9FE7-3BE13644CC6D}.Debug_Linux|x64.ActiveCfg = Debug|Any CPU
		{A9AE40FF-1A21-414A-9FE7-3BE13644CC6D}.Debug_Linux|x86.ActiveCfg = Debug|Any CPU
		{A9AE40FF-1A21-414A-9FE7-3BE13644CC6D}.Debug_Windows|Any CPU.ActiveCfg = Debug|Any CPU
		{A9AE40FF-1A21-414A-9FE7-3BE13644CC6D}.Debug_Windows|Any CPU.Build.0 = Debug|Any CPU
		{A9AE40FF-1A21-414A-9FE7-3BE13644CC6D}.Debug_Windows|Mixed Platforms.ActiveCfg = Debug|Any CPU
		{A9AE40FF-1A21-414A-9FE7-3BE13644CC6D}.Debug_Windows|Mixed Platforms.Build.0 = Debug|Any CPU
		{A9AE40FF-1A21-414A-9FE7-3BE13644CC6D}.Debug_Windows|Win32.ActiveCfg = Debug|Any CPU
		{A9AE40FF-1A21-414A-9FE7-3BE13644CC6D}.Debug_Windows|x64.ActiveCfg = Debug|Any CPU
		{A9AE40FF-1A21-414A-9FE7-3BE13644CC6D}.Debug_Windows|x86.ActiveCfg = Debug|Any CPU
		{A9AE40FF-1A21-414A-9FE7-3BE13644CC6D}.Debug|Any CPU.ActiveCfg = Debug|Any CPU
		{A9AE40FF-1A21-414A-9FE7-3BE13644CC6D}.Debug|Any CPU.Build.0 = Debug|Any CPU
		{A9AE40FF-1A21-414A-9FE7-3BE13644CC6D}.Debug|Mixed Platforms.ActiveCfg = Debug|Any CPU
		{A9AE40FF-1A21-414A-9FE7-3BE13644CC6D}.Debug|Mixed Platforms.Build.0 = Debug|Any CPU
		{A9AE40FF-1A21-414A-9FE7-3BE13644CC6D}.Debug|Win32.ActiveCfg = Debug|Any CPU
		{A9AE40FF-1A21-414A-9FE7-3BE13644CC6D}.Debug|x64.ActiveCfg = Debug|Any CPU
		{A9AE40FF-1A21-414A-9FE7-3BE13644CC6D}.Debug|x86.ActiveCfg = Debug|Any CPU
		{A9AE40FF-1A21-414A-9FE7-3BE13644CC6D}.Release_Linux|Any CPU.ActiveCfg = Release|Any CPU
		{A9AE40FF-1A21-414A-9FE7-3BE13644CC6D}.Release_Linux|Any CPU.Build.0 = Release|Any CPU
		{A9AE40FF-1A21-414A-9FE7-3BE13644CC6D}.Release_Linux|Mixed Platforms.ActiveCfg = Release|Any CPU
		{A9AE40FF-1A21-414A-9FE7-3BE13644CC6D}.Release_Linux|Mixed Platforms.Build.0 = Release|Any CPU
		{A9AE40FF-1A21-414A-9FE7-3BE13644CC6D}.Release_Linux|Win32.ActiveCfg = Release|Any CPU
		{A9AE40FF-1A21-414A-9FE7-3BE13644CC6D}.Release_Linux|x64.ActiveCfg = Release|Any CPU
		{A9AE40FF-1A21-414A-9FE7-3BE13644CC6D}.Release_Linux|x86.ActiveCfg = Release|Any CPU
		{A9AE40FF-1A21-414A-9FE7-3BE13644CC6D}.Release_Windows|Any CPU.ActiveCfg = Release|Any CPU
		{A9AE40FF-1A21-414A-9FE7-3BE13644CC6D}.Release_Windows|Any CPU.Build.0 = Release|Any CPU
		{A9AE40FF-1A21-414A-9FE7-3BE13644CC6D}.Release_Windows|Mixed Platforms.ActiveCfg = Release|Any CPU
		{A9AE40FF-1A21-414A-9FE7-3BE13644CC6D}.Release_Windows|Mixed Platforms.Build.0 = Release|Any CPU
		{A9AE40FF-1A21-414A-9FE7-3BE13644CC6D}.Release_Windows|Win32.ActiveCfg = Release|Any CPU
		{A9AE40FF-1A21-414A-9FE7-3BE13644CC6D}.Release_Windows|x64.ActiveCfg = Release|Any CPU
		{A9AE40FF-1A21-414A-9FE7-3BE13644CC6D}.Release_Windows|x86.ActiveCfg = Release|Any CPU
		{A9AE40FF-1A21-414A-9FE7-3BE13644CC6D}.Release|Any CPU.ActiveCfg = Release|Any CPU
		{A9AE40FF-1A21-414A-9FE7-3BE13644CC6D}.Release|Any CPU.Build.0 = Release|Any CPU
		{A9AE40FF-1A21-414A-9FE7-3BE13644CC6D}.Release|Mixed Platforms.ActiveCfg = Release|Any CPU
		{A9AE40FF-1A21-414A-9FE7-3BE13644CC6D}.Release|Mixed Platforms.Build.0 = Release|Any CPU
		{A9AE40FF-1A21-414A-9FE7-3BE13644CC6D}.Release|Win32.ActiveCfg = Release|Any CPU
		{A9AE40FF-1A21-414A-9FE7-3BE13644CC6D}.Release|x64.ActiveCfg = Release|Any CPU
		{A9AE40FF-1A21-414A-9FE7-3BE13644CC6D}.Release|x86.ActiveCfg = Release|Any CPU
		{448B2863-C797-4593-B5D9-304F17502C91}.Debug_Linux|Any CPU.ActiveCfg = Debug
		{448B2863-C797-4593-B5D9-304F17502C91}.Debug_Linux|Mixed Platforms.ActiveCfg = Debug
		{448B2863-C797-4593-B5D9-304F17502C91}.Debug_Linux|Win32.ActiveCfg = Debug
		{448B2863-C797-4593-B5D9-304F17502C91}.Debug_Linux|x64.ActiveCfg = Debug
		{448B2863-C797-4593-B5D9-304F17502C91}.Debug_Linux|x86.ActiveCfg = Debug
		{448B2863-C797-4593-B5D9-304F17502C91}.Debug_Windows|Any CPU.ActiveCfg = Debug
		{448B2863-C797-4593-B5D9-304F17502C91}.Debug_Windows|Mixed Platforms.ActiveCfg = Debug
		{448B2863-C797-4593-B5D9-304F17502C91}.Debug_Windows|Win32.ActiveCfg = Debug
		{448B2863-C797-4593-B5D9-304F17502C91}.Debug_Windows|x64.ActiveCfg = Debug
		{448B2863-C797-4593-B5D9-304F17502C91}.Debug_Windows|x86.ActiveCfg = Debug
		{448B2863-C797-4593-B5D9-304F17502C91}.Debug|Any CPU.ActiveCfg = Debug
		{448B2863-C797-4593-B5D9-304F17502C91}.Debug|Mixed Platforms.ActiveCfg = Debug
		{448B2863-C797-4593-B5D9-304F17502C91}.Debug|Win32.ActiveCfg = Debug
		{448B2863-C797-4593-B5D9-304F17502C91}.Debug|x64.ActiveCfg = Debug
		{448B2863-C797-4593-B5D9-304F17502C91}.Debug|x86.ActiveCfg = Debug
		{448B2863-C797-4593-B5D9-304F17502C91}.Release_Linux|Any CPU.ActiveCfg = Release
		{448B2863-C797-4593-B5D9-304F17502C91}.Release_Linux|Mixed Platforms.ActiveCfg = Release
		{448B2863-C797-4593-B5D9-304F17502C91}.Release_Linux|Win32.ActiveCfg = Release
		{448B2863-C797-4593-B5D9-304F17502C91}.Release_Linux|x64.ActiveCfg = Release
		{448B2863-C797-4593-B5D9-304F17502C91}.Release_Linux|x86.ActiveCfg = Release
		{448B2863-C797-4593-B5D9-304F17502C91}.Release_Windows|Any CPU.ActiveCfg = Release
		{448B2863-C797-4593-B5D9-304F17502C91}.Release_Windows|Mixed Platforms.ActiveCfg = Release
		{448B2863-C797-4593-B5D9-304F17502C91}.Release_Windows|Win32.ActiveCfg = Release
		{448B2863-C797-4593-B5D9-304F17502C91}.Release_Windows|x64.ActiveCfg = Release
		{448B2863-C797-4593-B5D9-304F17502C91}.Release_Windows|x86.ActiveCfg = Release
		{448B2863-C797-4593-B5D9-304F17502C91}.Release|Any CPU.ActiveCfg = Release
		{448B2863-C797-4593-B5D9-304F17502C91}.Release|Mixed Platforms.ActiveCfg = Release
		{448B2863-C797-4593-B5D9-304F17502C91}.Release|Win32.ActiveCfg = Release
		{448B2863-C797-4593-B5D9-304F17502C91}.Release|x64.ActiveCfg = Release
		{448B2863-C797-4593-B5D9-304F17502C91}.Release|x86.ActiveCfg = Release
	EndGlobalSection
	GlobalSection(SolutionProperties) = preSolution
		HideSolutionNode = FALSE
	EndGlobalSection
EndGlobal
